
Microsoft Visual Studio Solution File, Format Version 12.00
# Visual Studio Version 17
VisualStudioVersion = 17.5.33530.505
MinimumVisualStudioVersion = 10.0.40219.1
Project("{FAE04EC0-301F-11D3-BF4B-00C04F79EFBC}") = "Wpf_Combobox", "Wpf_Combobox\Wpf_Combobox.csproj", "{777089E8-CED8-4E7F-B759-176428427EEB}"
EndProject
Global
	GlobalSection(SolutionConfigurationPlatforms) = preSolution
		Debug|Any CPU = Debug|Any CPU
		Release|Any CPU = Release|Any CPU
	EndGlobalSection
	GlobalSection(ProjectConfigurationPlatforms) = postSolution
		{777089E8-CED8-4E7F-B759-176428427EEB}.Debug|Any CPU.ActiveCfg = Debug|Any CPU
		{777089E8-CED8-4E7F-B759-176428427EEB}.Debug|Any CPU.Build.0 = Debug|Any CPU
		{777089E8-CED8-4E7F-B759-176428427EEB}.Release|Any CPU.ActiveCfg = Release|Any CPU
		{777089E8-CED8-4E7F-B759-176428427EEB}.Release|Any CPU.Build.0 = Release|Any CPU
	EndGlobalSection
	GlobalSection(SolutionProperties) = preSolution
		HideSolutionNode = FALSE
	EndGlobalSection
	GlobalSection(ExtensibilityGlobals) = postSolution
		SolutionGuid = {6476B12D-1270-469F-B09A-CEC90F9F328A}
	EndGlobalSection
EndGlobal
