
Microsoft Visual Studio Solution File, Format Version 12.00
# Visual Studio Version 17
VisualStudioVersion = 17.5.33530.505
MinimumVisualStudioVersion = 10.0.40219.1
Project("{FAE04EC0-301F-11D3-BF4B-00C04F79EFBC}") = "Wpf_StackPanel", "Wpf_StackPanel\Wpf_StackPanel.csproj", "{426E6217-1E34-4505-B6BD-0D4794DC81A0}"
EndProject
Global
	GlobalSection(SolutionConfigurationPlatforms) = preSolution
		Debug|Any CPU = Debug|Any CPU
		Release|Any CPU = Release|Any CPU
	EndGlobalSection
	GlobalSection(ProjectConfigurationPlatforms) = postSolution
		{426E6217-1E34-4505-B6BD-0D4794DC81A0}.Debug|Any CPU.ActiveCfg = Debug|Any CPU
		{426E6217-1E34-4505-B6BD-0D4794DC81A0}.Debug|Any CPU.Build.0 = Debug|Any CPU
		{426E6217-1E34-4505-B6BD-0D4794DC81A0}.Release|Any CPU.ActiveCfg = Release|Any CPU
		{426E6217-1E34-4505-B6BD-0D4794DC81A0}.Release|Any CPU.Build.0 = Release|Any CPU
	EndGlobalSection
	GlobalSection(SolutionProperties) = preSolution
		HideSolutionNode = FALSE
	EndGlobalSection
	GlobalSection(ExtensibilityGlobals) = postSolution
		SolutionGuid = {4482BE5A-20EE-42BE-B178-6D61FDB9EDD9}
	EndGlobalSection
EndGlobal
