
Microsoft Visual Studio Solution File, Format Version 12.00
# Visual Studio Version 17
VisualStudioVersion = 17.5.33530.505
MinimumVisualStudioVersion = 10.0.40219.1
Project("{FAE04EC0-301F-11D3-BF4B-00C04F79EFBC}") = "Wpf_DockPanel", "Wpf_DockPanel\Wpf_DockPanel.csproj", "{F03C89DD-16F2-4183-8BC4-7D5AD40D2B76}"
EndProject
Global
	GlobalSection(SolutionConfigurationPlatforms) = preSolution
		Debug|Any CPU = Debug|Any CPU
		Release|Any CPU = Release|Any CPU
	EndGlobalSection
	GlobalSection(ProjectConfigurationPlatforms) = postSolution
		{F03C89DD-16F2-4183-8BC4-7D5AD40D2B76}.Debug|Any CPU.ActiveCfg = Debug|Any CPU
		{F03C89DD-16F2-4183-8BC4-7D5AD40D2B76}.Debug|Any CPU.Build.0 = Debug|Any CPU
		{F03C89DD-16F2-4183-8BC4-7D5AD40D2B76}.Release|Any CPU.ActiveCfg = Release|Any CPU
		{F03C89DD-16F2-4183-8BC4-7D5AD40D2B76}.Release|Any CPU.Build.0 = Release|Any CPU
	EndGlobalSection
	GlobalSection(SolutionProperties) = preSolution
		HideSolutionNode = FALSE
	EndGlobalSection
	GlobalSection(ExtensibilityGlobals) = postSolution
		SolutionGuid = {6D44CA4D-5D9E-4C82-99AC-96B53AB7B276}
	EndGlobalSection
EndGlobal
