
Microsoft Visual Studio Solution File, Format Version 12.00
# Visual Studio Version 17
VisualStudioVersion = 17.5.33530.505
MinimumVisualStudioVersion = 10.0.40219.1
Project("{FAE04EC0-301F-11D3-BF4B-00C04F79EFBC}") = "Wpf_Label", "Wpf_Label\Wpf_Label.csproj", "{16606AAD-0031-464B-98F0-F464D803299E}"
EndProject
Global
	GlobalSection(SolutionConfigurationPlatforms) = preSolution
		Debug|Any CPU = Debug|Any CPU
		Release|Any CPU = Release|Any CPU
	EndGlobalSection
	GlobalSection(ProjectConfigurationPlatforms) = postSolution
		{16606AAD-0031-464B-98F0-F464D803299E}.Debug|Any CPU.ActiveCfg = Debug|Any CPU
		{16606AAD-0031-464B-98F0-F464D803299E}.Debug|Any CPU.Build.0 = Debug|Any CPU
		{16606AAD-0031-464B-98F0-F464D803299E}.Release|Any CPU.ActiveCfg = Release|Any CPU
		{16606AAD-0031-464B-98F0-F464D803299E}.Release|Any CPU.Build.0 = Release|Any CPU
	EndGlobalSection
	GlobalSection(SolutionProperties) = preSolution
		HideSolutionNode = FALSE
	EndGlobalSection
	GlobalSection(ExtensibilityGlobals) = postSolution
		SolutionGuid = {06E592F2-3922-46EE-8805-A24552AC0D67}
	EndGlobalSection
EndGlobal
