
Microsoft Visual Studio Solution File, Format Version 12.00
# Visual Studio Version 17
VisualStudioVersion = 17.5.33530.505
MinimumVisualStudioVersion = 10.0.40219.1
Project("{FAE04EC0-301F-11D3-BF4B-00C04F79EFBC}") = "WpfBasics", "WpfBasics\WpfBasics.csproj", "{D4DCF5A1-22C8-466E-82C7-F3916DA4A1E1}"
EndProject
Global
	GlobalSection(SolutionConfigurationPlatforms) = preSolution
		Debug|Any CPU = Debug|Any CPU
		Release|Any CPU = Release|Any CPU
	EndGlobalSection
	GlobalSection(ProjectConfigurationPlatforms) = postSolution
		{D4DCF5A1-22C8-466E-82C7-F3916DA4A1E1}.Debug|Any CPU.ActiveCfg = Debug|Any CPU
		{D4DCF5A1-22C8-466E-82C7-F3916DA4A1E1}.Debug|Any CPU.Build.0 = Debug|Any CPU
		{D4DCF5A1-22C8-466E-82C7-F3916DA4A1E1}.Release|Any CPU.ActiveCfg = Release|Any CPU
		{D4DCF5A1-22C8-466E-82C7-F3916DA4A1E1}.Release|Any CPU.Build.0 = Release|Any CPU
	EndGlobalSection
	GlobalSection(SolutionProperties) = preSolution
		HideSolutionNode = FALSE
	EndGlobalSection
	GlobalSection(ExtensibilityGlobals) = postSolution
		SolutionGuid = {8885BE53-2100-49FE-A824-CF638902ED29}
	EndGlobalSection
EndGlobal
