
Microsoft Visual Studio Solution File, Format Version 12.00
# Visual Studio Version 17
VisualStudioVersion = 17.5.33530.505
MinimumVisualStudioVersion = 10.0.40219.1
Project("{FAE04EC0-301F-11D3-BF4B-00C04F79EFBC}") = "Wpf_DatePicker", "Wpf_DatePicker\Wpf_DatePicker.csproj", "{6C15FBDA-1398-4CE4-87F7-E67CEAE06D16}"
EndProject
Global
	GlobalSection(SolutionConfigurationPlatforms) = preSolution
		Debug|Any CPU = Debug|Any CPU
		Release|Any CPU = Release|Any CPU
	EndGlobalSection
	GlobalSection(ProjectConfigurationPlatforms) = postSolution
		{6C15FBDA-1398-4CE4-87F7-E67CEAE06D16}.Debug|Any CPU.ActiveCfg = Debug|Any CPU
		{6C15FBDA-1398-4CE4-87F7-E67CEAE06D16}.Debug|Any CPU.Build.0 = Debug|Any CPU
		{6C15FBDA-1398-4CE4-87F7-E67CEAE06D16}.Release|Any CPU.ActiveCfg = Release|Any CPU
		{6C15FBDA-1398-4CE4-87F7-E67CEAE06D16}.Release|Any CPU.Build.0 = Release|Any CPU
	EndGlobalSection
	GlobalSection(SolutionProperties) = preSolution
		HideSolutionNode = FALSE
	EndGlobalSection
	GlobalSection(ExtensibilityGlobals) = postSolution
		SolutionGuid = {FE1EF97E-10C6-485B-A61A-DCDC443DD3AE}
	EndGlobalSection
EndGlobal
