
Microsoft Visual Studio Solution File, Format Version 12.00
# Visual Studio Version 17
VisualStudioVersion = 17.5.33530.505
MinimumVisualStudioVersion = 10.0.40219.1
Project("{FAE04EC0-301F-11D3-BF4B-00C04F79EFBC}") = "Wpf_Expander", "Wpf_Expander\Wpf_Expander.csproj", "{46C0793D-3A40-4ABF-A3C6-C35EE73B384C}"
EndProject
Global
	GlobalSection(SolutionConfigurationPlatforms) = preSolution
		Debug|Any CPU = Debug|Any CPU
		Release|Any CPU = Release|Any CPU
	EndGlobalSection
	GlobalSection(ProjectConfigurationPlatforms) = postSolution
		{46C0793D-3A40-4ABF-A3C6-C35EE73B384C}.Debug|Any CPU.ActiveCfg = Debug|Any CPU
		{46C0793D-3A40-4ABF-A3C6-C35EE73B384C}.Debug|Any CPU.Build.0 = Debug|Any CPU
		{46C0793D-3A40-4ABF-A3C6-C35EE73B384C}.Release|Any CPU.ActiveCfg = Release|Any CPU
		{46C0793D-3A40-4ABF-A3C6-C35EE73B384C}.Release|Any CPU.Build.0 = Release|Any CPU
	EndGlobalSection
	GlobalSection(SolutionProperties) = preSolution
		HideSolutionNode = FALSE
	EndGlobalSection
	GlobalSection(ExtensibilityGlobals) = postSolution
		SolutionGuid = {C208B82F-78D8-42AD-97D6-FAD5184D3501}
	EndGlobalSection
EndGlobal
