
Microsoft Visual Studio Solution File, Format Version 12.00
# Visual Studio Version 17
VisualStudioVersion = 17.5.33530.505
MinimumVisualStudioVersion = 10.0.40219.1
Project("{FAE04EC0-301F-11D3-BF4B-00C04F79EFBC}") = "Wpf_Calendar", "Wpf_Calendar\Wpf_Calendar.csproj", "{20A7736A-EC90-4076-B0FD-23244EF4D826}"
EndProject
Global
	GlobalSection(SolutionConfigurationPlatforms) = preSolution
		Debug|Any CPU = Debug|Any CPU
		Release|Any CPU = Release|Any CPU
	EndGlobalSection
	GlobalSection(ProjectConfigurationPlatforms) = postSolution
		{20A7736A-EC90-4076-B0FD-23244EF4D826}.Debug|Any CPU.ActiveCfg = Debug|Any CPU
		{20A7736A-EC90-4076-B0FD-23244EF4D826}.Debug|Any CPU.Build.0 = Debug|Any CPU
		{20A7736A-EC90-4076-B0FD-23244EF4D826}.Release|Any CPU.ActiveCfg = Release|Any CPU
		{20A7736A-EC90-4076-B0FD-23244EF4D826}.Release|Any CPU.Build.0 = Release|Any CPU
	EndGlobalSection
	GlobalSection(SolutionProperties) = preSolution
		HideSolutionNode = FALSE
	EndGlobalSection
	GlobalSection(ExtensibilityGlobals) = postSolution
		SolutionGuid = {112F2F05-EF1F-4D6F-A139-50E17211E58E}
	EndGlobalSection
EndGlobal
