
Microsoft Visual Studio Solution File, Format Version 12.00
# Visual Studio Version 17
VisualStudioVersion = 17.5.33530.505
MinimumVisualStudioVersion = 10.0.40219.1
Project("{FAE04EC0-301F-11D3-BF4B-00C04F79EFBC}") = "Wpf_CatYears_Example", "Wpf_CatYears_Example\Wpf_CatYears_Example.csproj", "{FEC8B160-F78A-496C-8EB7-424806619602}"
EndProject
Global
	GlobalSection(SolutionConfigurationPlatforms) = preSolution
		Debug|Any CPU = Debug|Any CPU
		Release|Any CPU = Release|Any CPU
	EndGlobalSection
	GlobalSection(ProjectConfigurationPlatforms) = postSolution
		{FEC8B160-F78A-496C-8EB7-424806619602}.Debug|Any CPU.ActiveCfg = Debug|Any CPU
		{FEC8B160-F78A-496C-8EB7-424806619602}.Debug|Any CPU.Build.0 = Debug|Any CPU
		{FEC8B160-F78A-496C-8EB7-424806619602}.Release|Any CPU.ActiveCfg = Release|Any CPU
		{FEC8B160-F78A-496C-8EB7-424806619602}.Release|Any CPU.Build.0 = Release|Any CPU
	EndGlobalSection
	GlobalSection(SolutionProperties) = preSolution
		HideSolutionNode = FALSE
	EndGlobalSection
	GlobalSection(ExtensibilityGlobals) = postSolution
		SolutionGuid = {5D90BF7A-BD75-4E1A-A470-A3889C91CDDC}
	EndGlobalSection
EndGlobal
